{
    "_meta": {
        "hash": {
            "sha256": "80c1aaa431c2d53b3654b1a1fcb7146b847df150b6b86bcadada67798d10301f"
        },
        "pipfile-spec": 6,
        "requires": {
            "python_version": "3.7"
        },
        "sources": [
            {
                "name": "pypi",
                "url": "https://pypi.python.org/simple",
                "verify_ssl": true
            }
        ]
    },
    "default": {
        "adafruit-blinka": {
            "hashes": [
                "sha256:2df80c4cbcd17a8b625e21216bfd0f05b344e20f37080c0893416085a62971d9"
            ],
            "version": "==6.15.0"
        },
        "adafruit-circuitpython-am2320": {
            "hashes": [
                "sha256:0ad3ae7a96ba6da7d0ea784a6307db91806e6bb3acec4ed0182d9c1f8f606160"
            ],
            "index": "pypi",
            "version": "==1.2.8"
        },
        "adafruit-circuitpython-busdevice": {
            "hashes": [
                "sha256:4b6c2aa355dbfaca448640dd696f4b4cfb44465883342612b95c84bfb5953f7f"
            ],
            "version": "==5.1.0"
        },
        "adafruit-platformdetect": {
            "hashes": [
                "sha256:33ed2ad6efd97008363e28bf0769f4bfeaf0ff32008de55e8ff553862f4d2f02"
            ],
            "version": "==3.17.1"
        },
        "adafruit-pureio": {
            "hashes": [
                "sha256:2caf22fb07c7f771d83267f331a76cde314723f884a9570ea6f768730c87a879"
            ],
            "version": "==1.1.9"
        },
        "certifi": {
            "hashes": [
                "sha256:78884e7c1d4b00ce3cea67b44566851c4343c120abd683433ce934a68ea58872",
                "sha256:d62a0163eb4c2344ac042ab2bdf75399a71a2d8c7d47eac2e2ee91b9d6339569"
            ],
            "version": "==2021.10.8"
        },
        "charset-normalizer": {
            "hashes": [
                "sha256:e019de665e2bcf9c2b64e2e5aa025fa991da8720daa3c1138cadd2fd1856aed0",
                "sha256:f7af805c321bfa1ce6714c51f254e0d5bb5e5834039bc17db7ebe3a4cec9492b"
            ],
            "markers": "python_version >= '3'",
            "version": "==2.0.7"
        },
        "colorzero": {
            "hashes": [
                "sha256:0e60d743a6b8071498a56465f7719c96a5e92928f858bab1be2a0d606c9aa0f8",
                "sha256:e7d5a5c26cd0dc37b164ebefc609f388de24f8593b659191e12d85f8f9d5eb58"
            ],
            "version": "==2.0"
        },
        "gpiozero": {
            "hashes": [
                "sha256:0eb95a9db372146813276f92de7f43c883a3e9fe69597fc3d29c04ef3d5d5f9e",
                "sha256:9af00b90d4fa775aa1fc023363e4aa5539844a5b0c461be5ced5cfabba364d99"
            ],
            "index": "pypi",
            "version": "==1.6.2"
        },
        "idna": {
            "hashes": [
                "sha256:84d9dd047ffa80596e0f246e2eab0b391788b0503584e8945f2368256d2735ff",
                "sha256:9d643ff0a55b762d5cdb124b8eaa99c66322e2157b69160bc32796e824360e6d"
            ],
            "markers": "python_version >= '3'",
            "version": "==3.3"
        },
        "psutil": {
            "hashes": [
                "sha256:0066a82f7b1b37d334e68697faba68e5ad5e858279fd6351c8ca6024e8d6ba64",
                "sha256:02b8292609b1f7fcb34173b25e48d0da8667bc85f81d7476584d889c6e0f2131",
                "sha256:0ae6f386d8d297177fd288be6e8d1afc05966878704dad9847719650e44fc49c",
                "sha256:0c9ccb99ab76025f2f0bbecf341d4656e9c1351db8cc8a03ccd62e318ab4b5c6",
                "sha256:0dd4465a039d343925cdc29023bb6960ccf4e74a65ad53e768403746a9207023",
                "sha256:12d844996d6c2b1d3881cfa6fa201fd635971869a9da945cf6756105af73d2df",
                "sha256:1bff0d07e76114ec24ee32e7f7f8d0c4b0514b3fae93e3d2aaafd65d22502394",
                "sha256:245b5509968ac0bd179287d91210cd3f37add77dad385ef238b275bad35fa1c4",
                "sha256:28ff7c95293ae74bf1ca1a79e8805fcde005c18a122ca983abf676ea3466362b",
                "sha256:36b3b6c9e2a34b7d7fbae330a85bf72c30b1c827a4366a07443fc4b6270449e2",
                "sha256:52de075468cd394ac98c66f9ca33b2f54ae1d9bff1ef6b67a212ee8f639ec06d",
                "sha256:5da29e394bdedd9144c7331192e20c1f79283fb03b06e6abd3a8ae45ffecee65",
                "sha256:61f05864b42fedc0771d6d8e49c35f07efd209ade09a5afe6a5059e7bb7bf83d",
                "sha256:6223d07a1ae93f86451d0198a0c361032c4c93ebd4bf6d25e2fb3edfad9571ef",
                "sha256:6323d5d845c2785efb20aded4726636546b26d3b577aded22492908f7c1bdda7",
                "sha256:6ffe81843131ee0ffa02c317186ed1e759a145267d54fdef1bc4ea5f5931ab60",
                "sha256:74f2d0be88db96ada78756cb3a3e1b107ce8ab79f65aa885f76d7664e56928f6",
                "sha256:74fb2557d1430fff18ff0d72613c5ca30c45cdbfcddd6a5773e9fc1fe9364be8",
                "sha256:90d4091c2d30ddd0a03e0b97e6a33a48628469b99585e2ad6bf21f17423b112b",
                "sha256:90f31c34d25b1b3ed6c40cdd34ff122b1887a825297c017e4cbd6796dd8b672d",
                "sha256:99de3e8739258b3c3e8669cb9757c9a861b2a25ad0955f8e53ac662d66de61ac",
                "sha256:c6a5fd10ce6b6344e616cf01cc5b849fa8103fbb5ba507b6b2dee4c11e84c935",
                "sha256:ce8b867423291cb65cfc6d9c4955ee9bfc1e21fe03bb50e177f2b957f1c2469d",
                "sha256:d225cd8319aa1d3c85bf195c4e07d17d3cd68636b8fc97e6cf198f782f99af28",
                "sha256:ea313bb02e5e25224e518e4352af4bf5e062755160f77e4b1767dd5ccb65f876",
                "sha256:ea372bcc129394485824ae3e3ddabe67dc0b118d262c568b4d2602a7070afdb0",
                "sha256:f4634b033faf0d968bb9220dd1c793b897ab7f1189956e1aa9eae752527127d3",
                "sha256:fcc01e900c1d7bee2a37e5d6e4f9194760a93597c97fee89c4ae51701de03563"
            ],
            "index": "pypi",
            "version": "==5.8.0"
        },
        "pyftdi": {
            "hashes": [
                "sha256:4ef20c246bdb0f278d283337d7a6e69cf9bdb0ead525e7ad867d9e46ad26e613",
                "sha256:6e86880ec6d66389de643ca83de5d59fffea3bd334f492e12fab71a832f878a2"
            ],
            "version": "==0.53.3"
        },
        "pygame": {
            "hashes": [
                "sha256:0c0c3806188719fec635471b9257db4daa947c6896465a425f39690a8e9ad323",
                "sha256:0f50c4ac857fef1ddfd09921ed8cf16c2b5e5dccd23aa27d66847225f9879f95",
                "sha256:0f97702b49367e6eb1de72110c63e816b96fa29c9404689c185189e106c58f3a",
                "sha256:1521d4b0788cf3e9e4bb3a918ffe3bccbdc5c71ab5149d20b3998d1cb609b123",
                "sha256:17f2311788273cd61c6c94637ccb0aac1b454069ef8342bf7696dd34e8150f22",
                "sha256:1d9cb4bae275d6341c46acc77741407abff10357d5711c29a94a9874875ac7d1",
                "sha256:27f63297bca65260da0008f9c762846a06511940a19645d391f08c10e7f7a9cf",
                "sha256:2b431939449be794dc26365e6b4ce0c25b68589b37e6a52a876b3e3a9dfbf777",
                "sha256:2ff774e4fa4ec1771a50002a9dff9e488652b214101f7c7602250c4296339a34",
                "sha256:342913fcc194c646e56885066ae236afb741e674073e31062e13af892d4278eb",
                "sha256:3ada06dbf6c1d685997805221134b0818e3d36b53fa2ba92dd199ef3675fc32c",
                "sha256:3d2745ff5763eb484efdd1ed2a960a5ba63c8265b9270ba2ffa41f49c601d74a",
                "sha256:3d87310f11319d97bf220002b2298bc056b3af8a6b580e85ce4dd9dc3ba0b4c6",
                "sha256:404d15949fde1f0e4a9868f15e459aa8e8384f1c4ae1def2ad32fab5f1942409",
                "sha256:42ee37f998d72aff072cd2ae809a8baf6665b6a8c1435ace61327da95120bd91",
                "sha256:46590155ee15e00f7ffa3ef653cf16a45630e9c4d51120d61f110d48e769062c",
                "sha256:485ae10c0588f76a1f0644b9a5f38d10d60dc8b022d6397efd277f9f8acc8fcd",
                "sha256:4c05a5d6c661bb4aeac49c15ce5e32219c0593c9c411246f9cb58bb3acca4b26",
                "sha256:53e0e08a303dd367d329394160880d65c607eb107780687953a2760e2bad6129",
                "sha256:54ee4e068cc246c720700a25039f61b4008e00477d18962b8eebfc88d01ada36",
                "sha256:57c0b90c05afb21102e5addce7e51c1b6362f1aadd26f88c0792db41e1e4d60d",
                "sha256:5c18bb4609687b3f52e306821632ea87f7ea0a92158bfce15cd96a30b9b225d0",
                "sha256:6113e346eaa886f650f8a357c546abc95d7cb0a1cb86914d9017ba17613e0937",
                "sha256:63c685787d7f817a5eff757df93a3ea5001fc5c016a20d19b04ca8fa53fb0310",
                "sha256:6524538a8bf05f2704c08a307f244b95c725100dbc5f8d565a539f15e7f2a449",
                "sha256:65b77fb38fe7fdcef5aef0c55e686bb6607b3261a4c58f611e5c45d76a460f34",
                "sha256:66c562e0c96eb64643d055129ce7a78e6c8aef124a48e7b2d428654f673f54dc",
                "sha256:69ade86b6e4d341a3be20bad6e7bd908afb088fe5fcbb5c41a6ddd92ce2a5463",
                "sha256:6b68b71aa82d3e2fcfaf0876516c8cacc1f274cfa073d72a446bcd01a594d8a7",
                "sha256:6c648df1e1662f43f5b2aef32551dc20a20f4c1fc6008abe739083e58fbdf878",
                "sha256:6d10f2dc9586708d9b979bb9dea0e4cc69aa35330887397bfd220952976ecedd",
                "sha256:708b993d0bf30c2439d07637bcde7b354918ecd208daadc7327b9fa688a92bf4",
                "sha256:70d81a43858ed59631c361c74812caef22b99cfaa576ef54070b61ea7161cbd3",
                "sha256:73223c36a0b212e38ec87da6e49ad5a7d0be750d5c64baafaf96d814ad68d6c3",
                "sha256:73b2c5e9b20a3a4d58c3f0e441dabceb6ff8f04033dbfc4320a7d4e3a4685d97",
                "sha256:74601990042c2fe654979cb42d0cf3d559d08e0c11e430b3c5779f3404cf497d",
                "sha256:749bc3c9dbd89437a04f2217c40744fc1ecbef3cd0128ceb08f4b8689f8c0880",
                "sha256:7b3bac9ad5d72546e256afebca32206b8227b8db47a5dce2107d9cd1e5b5b180",
                "sha256:7d1cc5835360703608464e2c13bdf33ad02457f11d27cc4e4185432277654c72",
                "sha256:80e148f83ab59e92742b57231d63ab26a7699c79da0d524cee2f48036aa1e533",
                "sha256:899f97ad04fd9954e1745430d4e15ea70f418e152a6499246afe809d07192004",
                "sha256:8e607a4f34a731ea2220f72f08512ee2e76a4f79af6421e11dd024b0fb3db876",
                "sha256:8f87bba8bbcdac611b19f951d52bd849f348f1d5eac1517ed37482930a73cb85",
                "sha256:914fc5ceb5d51dba296c4c3ad8e9ce46c65386f1e18c358b24d73978cc97af25",
                "sha256:91de21e83352677dd0c229a53c99606acce887cf2347a6d55fa2548e4346b1ce",
                "sha256:920db86edd813e293979965ea0b654048489cbd98795dd2dd32946243aede9d9",
                "sha256:9396ceebf45b9b6da1694dffdf6b74e4519e88ac52d8a561de2b84b47c278f2a",
                "sha256:93f2883d5530749c64b2a55754e2c8a33cd51c97867c6d608829717346a5704e",
                "sha256:962ff332d573c86662fe14ee3401eae6ea44838515785970ecc779e8891735c4",
                "sha256:a18fbbd04f7cc88ca41c0b6110a45d324445884d3d685ee5e8d8b3cd484746bd",
                "sha256:ab8dd83ca396cfaa7aa96fc6bf8cf959ee1498d20d572899612af1735aab11af",
                "sha256:afafb496ec15528cb63d32406ecffb70c98d055145e244b5d4f8569abbefb127",
                "sha256:b25e3da348209295a492cbe19ed08d8cd4d862956f74b59bbca8fd02731b3fa1",
                "sha256:b620834f6933ddf1a6412c7c552e677d6ac9247b2834c43deef1f005b954f276",
                "sha256:b714b83c97ec6125f35c97a84cfa8ad74a7e7b7a8db2c06cfa123214dbdc8166",
                "sha256:c5a7c9d1919595b148ff3d4c19226842b11892b4576e90b3e49ccd7f435973b1",
                "sha256:ce2ab219285e8acae1559fa9bb75ef15862227b9aee7339181fd5cc68eab914d",
                "sha256:cea0f21ba97a1a6903994f263c7be4c8b3ca87d554dbba4d4a5d5ef5ddfdd8f7",
                "sha256:d097f2802a9d0d7fb40c49c789af2984b202baa8fd32701082598755f5973f51",
                "sha256:d168defa7276c0f5e147f5e1a0baccbf9239a433ecf37d55cf61e71983f90601",
                "sha256:d835cdd98a34727ed7c63fdb325a8574dbab7f6ae41d9cb1a62c68cfc1966cca",
                "sha256:d87ee9138b3fa71557a4fe37e6bcec9a97942deedf1c16717338d13bd398b703",
                "sha256:d89925f17823e5999d830adcae120dddbc6e48ef1b2937b9a4c535d346decdd6",
                "sha256:da1f21e4d7a8ea8df9c69811e36d0f14d44308aa2b506a5d2550136adfa2a76b",
                "sha256:dc17d9becfa6c835ec04ac53dbf0c3dceb8f33e6f8154515877d2cc253863654",
                "sha256:e23725ca16dd26ce6706540853191f23596bae40e612dc062757d8e49bc6da13",
                "sha256:e27b0d440b7a65863385e5fc254249c4fda3b2dc62680037bd4f7d2f5677d4ce",
                "sha256:e59e314cb6aee1df2995f0a36c42977e6e6c67f958236712a14202be5dd2c386",
                "sha256:e8a9c854c6c656103b4c36154710a8d5be13f3a9a96281e2e183310ba3edfd55",
                "sha256:efc9f5f3810a459ce15abdf1b175e526475819f09b015f1499be16cec0e25ce7",
                "sha256:f1be8d716c1bf1d5f7af583cb932b3bbe42f9618424b8fb3f273291565fb5bdd",
                "sha256:f31e6a1e16fb03b913a7672e837a2d17074bcd95393643962a293ccae636cd8e",
                "sha256:f4a528cf613af87def947a659408be6e519f6eb2b3789dcc285460a2b654b15a",
                "sha256:f7a326efa38ccb9b2f0602498cb1b887c4365033e5bcf42e2cc4d5aacf17e207",
                "sha256:fd33a1f1fe1e42631ef9c6d949bb6ef0428c38b0bbbcaa9f47f13590b499a7d3"
            ],
            "index": "pypi",
            "version": "==2.0.3"
        },
        "pyserial": {
            "hashes": [
                "sha256:3c77e014170dfffbd816e6ffc205e9842efb10be9f58ec16d3e8675b4925cddb",
                "sha256:c4451db6ba391ca6ca299fb3ec7bae67a5c55dde170964c7a14ceefec02f2cf0"
            ],
            "version": "==3.5"
        },
        "pyusb": {
            "hashes": [
                "sha256:2b4c7cb86dbadf044dfb9d3a4ff69fd217013dbe78a792177a3feb172449ea36",
                "sha256:a4cc7404a203144754164b8b40994e2849fde1cfff06b08492f12fff9d9de7b9"
            ],
            "version": "==1.2.1"
        },
        "requests": {
            "hashes": [
                "sha256:6c1246513ecd5ecd4528a0906f910e8f0f9c6b8ec72030dc9fd154dc1a6efd24",
                "sha256:b8aa58f8cf793ffd8782d3d8cb19e66ef36f7aba4353eec859e74678b01b07a7"
            ],
            "index": "pypi",
            "version": "==2.26.0"
        },
        "rpi-ws281x": {
            "hashes": [
                "sha256:0d1b68d2912bf56ba9078c4117720e1de29cef56af222fef64e767307ab88fda",
                "sha256:689f3f4a81c70adc830694140d9de84d0dbc3b8b4ece4fc3d1ef43b2348ce9ab",
                "sha256:d403bd2a45e70ec672ecc0dc2757f218d8c07401dcb2711599523e9f34c4579c"
            ],
            "version": "==4.3.1"
        },
        "rpi.gpio": {
            "hashes": [
                "sha256:7424bc6c205466764f30f666c18187a0824077daf20b295c42f08aea2cb87d3f"
            ],
            "index": "pypi",
            "version": "==0.7.0"
        },
        "sysv-ipc": {
            "hashes": [
                "sha256:0f063cbd36ec232032e425769ebc871f195a7d183b9af32f9901589ea7129ac3",
                "sha256:30611dccecd8fa0dc9f83d4d465e5047692df0ec9a095abef8b90ccc64afbdaf",
                "sha256:4bbbe4e5ad5ab859e6d21fc8ff3e3b01082b959fa5c2cd76289dbcd56350c5f9",
                "sha256:61190b934b0277f7a189092dcabceee8d9736fd73de90fd9b50ea69f0bac4723",
                "sha256:ff6e3c98d8aa3e1ae5378d86869c4699c76f94318705d08085c97fb010770a31"
            ],
            "version": "==1.1.0"
        },
        "uptime": {
            "hashes": [
                "sha256:7c300254775b807ce46e3dcbcda30aa3b9a204b9c57a7ac1e79ee6dbe3942973"
            ],
            "index": "pypi",
            "version": "==3.0.1"
        },
        "urllib3": {
            "hashes": [
                "sha256:4987c65554f7a2dbf30c18fd48778ef124af6fab771a377103da0585e2336ece",
                "sha256:c4fdf4019605b6e5423637e01bc9fe4daef873709a7973e195ceba0a62bbc844"
            ],
            "version": "==1.26.7"
        }
    },
    "develop": {}
}
