{
    "_meta": {
        "hash": {
            "sha256": "b56b71107c4e09d38719a7d78dd0ef6be933bc220f789e6c9d17abcd485d7c08"
        },
        "pipfile-spec": 6,
        "requires": {
            "python_version": "3.7"
        },
        "sources": [
            {
                "name": "pypi",
                "url": "https://pypi.python.org/simple",
                "verify_ssl": true
            }
        ]
    },
    "default": {
        "colorzero": {
            "hashes": [
                "sha256:acba47119b5d8555680d3cda9afe6ccc5481385ccc3c00084dd973f7aa184599",
                "sha256:e3c36d15b293de2b2f77ff54a5bd243fffac941ed0a5332d0697a6612a26a0a3"
            ],
            "version": "==1.1"
        },
        "gpiozero": {
            "hashes": [
                "sha256:101044038e71cec8be2fa841d4cea9e50e7962e9fb0287f465298b59e3f06594",
                "sha256:ae1a8dc4e6e793ffd8f900968f3290d218052c46347fa0c0503c65fabe422e4d"
            ],
            "index": "pypi",
            "version": "==1.5.1"
        },
        "psutil": {
            "hashes": [
                "sha256:0ee3c36428f160d2d8fce3c583a0353e848abb7de9732c50cf3356dd49ad63f8",
                "sha256:10512b46c95b02842c225f58fa00385c08fa00c68bac7da2d9a58ebe2c517498",
                "sha256:4080869ed93cce662905b029a1770fe89c98787e543fa7347f075ade761b19d6",
                "sha256:5e9d0f26d4194479a13d5f4b3798260c20cecf9ac9a461e718eb59ea520a360c",
                "sha256:66c18ca7680a31bf16ee22b1d21b6397869dda8059dbdb57d9f27efa6615f195",
                "sha256:68d36986ded5dac7c2dcd42f2682af1db80d4bce3faa126a6145c1637e1b559f",
                "sha256:90990af1c3c67195c44c9a889184f84f5b2320dce3ee3acbd054e3ba0b4a7beb",
                "sha256:a5b120bb3c0c71dfe27551f9da2f3209a8257a178ed6c628a819037a8df487f1",
                "sha256:d8a82162f23c53b8525cf5f14a355f5d1eea86fa8edde27287dd3a98399e4fdf",
                "sha256:f2018461733b23f308c298653c8903d32aaad7873d25e1d228765e91ae42c3f2",
                "sha256:ff1977ba1a5f71f89166d5145c3da1cea89a0fdb044075a12c720ee9123ec818"
            ],
            "index": "pypi",
            "version": "==5.7.2"
        },
        "pygame": {
            "hashes": [
                "sha256:0480fe82cd41a43e3eea497fa2c059c72ac54cb5d003d5aa2ed06a04541c384e",
                "sha256:136a3b5711d9ec369a0407e4e08ffced3ba61aa41059e9280ffffa79c8614f65",
                "sha256:2622b9dd95f445c887a36a57eade42c672598589f69a8052ccdb8eeeffa4dbb1",
                "sha256:301c6428c0880ecd4a9e3951b80e539c33863b6ff356a443db1758de4f297957",
                "sha256:396320aa29a925feed0b64639f77ce1418722ea7f536b4e4936083dd8d4c4535",
                "sha256:398c42b605ecc514e62f68f1944a2d21e247938309f598de6cb0ad3c207324a8",
                "sha256:4aaff572a273a32e70ec3593d213e59ab11c183a9916616562247930f17a5447",
                "sha256:4e1065577f1b29111113be5deb2ea88553551a5e1cf33e0c08fa32768f285809",
                "sha256:5f052dc2975a399aa1830c1f04c5f72856aa416bf3cd4b31375a058015a5c620",
                "sha256:68ea43e51150316b9fb08e251209d4e2b4e76a340b5b6fc8cdf1a898c78f7e5b",
                "sha256:698433a9fcefca0527244dc44dff9503eb26157494730b1cc80e6e4dbb246e92",
                "sha256:6f714986f7987f10cb94f1be0753318e341a7ea6b12d66f37a4d5d6dd4695023",
                "sha256:73cd9df328c7e72638dbcc1d18e7155225faed880a53db6bad90d1d7c0a71dfd",
                "sha256:7876d1f29f66d3d7cac46479503891ee1ef409b0fbce54b0d74f3a6b33a46dba",
                "sha256:854e87b8b2b76e3ed11d64985fcfdd7af919659503de99fc2b0a717b314c3cf0",
                "sha256:8da13704ad45b7d5de8a8cca135a7f44c7fc6aa9f691abe7b0392468a34a8013",
                "sha256:9ce22fb72298ea33dbb3a1c6c60a4a4e19d9698df6f3f5782eba4dada7b7736d",
                "sha256:a37b6c59e7b8feadc51db5197052b86ceb6443f9fb2a6f7d6527620e707c558c",
                "sha256:a6e8d2f99dbe1dfe72d0c019693c14d93c410f702d0b04ec9a81b36dacd55a23",
                "sha256:a9ac862dd7159861f2c6443b0029089e1c0c4ec762a8074022914ec52fe4dfac",
                "sha256:ae1bc3e78ed28f20878e7ca2c98663a6634e9c00d7746d39413fc18e907dc162",
                "sha256:be7e70f91bd4eb35ae081062f16bf434619b3292358d9b061f8159ddc570c7f0",
                "sha256:c895cf9c1b6d1cbba8cb8cc3f5427febcf8aa41a9333697741abeea1c537a350",
                "sha256:e3e7e4a09dfd8b03663222d6bcadec9fef021404f4d9eecf56825342e039dfc1",
                "sha256:f1f5714d2c23f6a64ef2ac4fcd36a2dd2689da85978d951a99a6ae5dfdf9bdbc",
                "sha256:fa788f775680fc5d268ab00a2da29c9a22830032cfab732730298a2952cd87f3"
            ],
            "index": "pypi",
            "version": "==1.9.6"
        },
        "rpi.gpio": {
            "hashes": [
                "sha256:7424bc6c205466764f30f666c18187a0824077daf20b295c42f08aea2cb87d3f"
            ],
            "index": "pypi",
            "version": "==0.7.0"
        },
        "uptime": {
            "hashes": [
                "sha256:7c300254775b807ce46e3dcbcda30aa3b9a204b9c57a7ac1e79ee6dbe3942973"
            ],
            "index": "pypi",
            "version": "==3.0.1"
        }
    },
    "develop": {}
}
