{
    "_meta": {
        "hash": {
            "sha256": "a643cb4959d0fa047b7315612c3289c7f8ef290c18a4c07133b3c88917d13cfc"
        },
        "pipfile-spec": 6,
        "requires": {
            "python_version": "3.8"
        },
        "sources": [
            {
                "name": "pypi",
                "url": "https://pypi.org/simple",
                "verify_ssl": true
            }
        ]
    },
    "default": {
        "astral": {
            "hashes": [
                "sha256:b9ef70faf32e81a8ba174d21e8f29dc0b53b409ef035f27e0749ddc13cb5982a",
                "sha256:e41d9967d5c48be421346552f0f4dedad43ff39a83574f5ff2ad32b6627b6fbe"
            ],
            "index": "pypi",
            "version": "==2.2"
        },
        "pytz": {
            "hashes": [
                "sha256:16962c5fb8db4a8f63a26646d8886e9d769b6c511543557bc84e9569fb9a9cb4",
                "sha256:180befebb1927b16f6b57101720075a984c019ac16b1b7575673bea42c6c3da5"
            ],
            "version": "==2020.5"
        }
    },
    "develop": {}
}
